// !$*UTF8*$!
{
	archiveVersion = 1;
	classes = {
	};
	objectVersion = 48;
	objects = {

/* Begin PBXBuildFile section */
		ED0B81D71FCB67A000981262 /* RedditTopLinksDataProviderTests.swift in Sources */ = {isa = PBXBuildFile; fileRef = ED0B81D61FCB67A000981262 /* RedditTopLinksDataProviderTests.swift */; };
		ED0B81DA1FCB67CF00981262 /* MockNetworkManager.swift in Sources */ = {isa = PBXBuildFile; fileRef = ED0B81D91FCB67CF00981262 /* MockNetworkManager.swift */; };
		ED0B81DD1FCB711700981262 /* RedditTopViewController.swift in Sources */ = {isa = PBXBuildFile; fileRef = ED0B81DC1FCB711700981262 /* RedditTopViewController.swift */; };
		ED0B81DF1FCB712700981262 /* RedditTopViewModel.swift in Sources */ = {isa = PBXBuildFile; fileRef = ED0B81DE1FCB712700981262 /* RedditTopViewModel.swift */; };
		ED0B81E11FCB75E100981262 /* RedditTopStoryboard.storyboard in Resources */ = {isa = PBXBuildFile; fileRef = ED0B81E01FCB75E100981262 /* RedditTopStoryboard.storyboard */; };
		ED0B81E41FCB770400981262 /* RedditLinkCell.swift in Sources */ = {isa = PBXBuildFile; fileRef = ED0B81E31FCB770400981262 /* RedditLinkCell.swift */; };
		ED0B81E61FCB771200981262 /* RedditLinkCellViewModel.swift in Sources */ = {isa = PBXBuildFile; fileRef = ED0B81E51FCB771200981262 /* RedditLinkCellViewModel.swift */; };
		ED0B81E91FCB7D9000981262 /* RedditClientCoreComponents.swift in Sources */ = {isa = PBXBuildFile; fileRef = ED0B81E81FCB7D9000981262 /* RedditClientCoreComponents.swift */; };
		ED395BCF1FCCCF7B0046C900 /* ImageService.swift in Sources */ = {isa = PBXBuildFile; fileRef = ED395BCE1FCCCF7B0046C900 /* ImageService.swift */; };
		ED395BD11FCCD0320046C900 /* ImageCache.swift in Sources */ = {isa = PBXBuildFile; fileRef = ED395BD01FCCD0320046C900 /* ImageCache.swift */; };
		ED395BD31FCCDB3C0046C900 /* ImageLoadRequest.swift in Sources */ = {isa = PBXBuildFile; fileRef = ED395BD21FCCDB3C0046C900 /* ImageLoadRequest.swift */; };
		ED395BD51FCCDC2E0046C900 /* ImageLoadRequestTests.swift in Sources */ = {isa = PBXBuildFile; fileRef = ED395BD41FCCDC2E0046C900 /* ImageLoadRequestTests.swift */; };
		ED395BD71FCCE8330046C900 /* ImageServiceProvider.swift in Sources */ = {isa = PBXBuildFile; fileRef = ED395BD61FCCE8330046C900 /* ImageServiceProvider.swift */; };
		ED395BD91FCD03030046C900 /* RedditImage.swift in Sources */ = {isa = PBXBuildFile; fileRef = ED395BD81FCD03030046C900 /* RedditImage.swift */; };
		ED4260711FCB19BC00229B2A /* AppDelegate.swift in Sources */ = {isa = PBXBuildFile; fileRef = ED4260701FCB19BC00229B2A /* AppDelegate.swift */; };
		ED42607A1FCB19BC00229B2A /* Assets.xcassets in Resources */ = {isa = PBXBuildFile; fileRef = ED4260791FCB19BC00229B2A /* Assets.xcassets */; };
		ED42607D1FCB19BC00229B2A /* LaunchScreen.storyboard in Resources */ = {isa = PBXBuildFile; fileRef = ED42607B1FCB19BC00229B2A /* LaunchScreen.storyboard */; };
		ED4260A31FCB19FD00229B2A /* RedditClientCore.framework in Frameworks */ = {isa = PBXBuildFile; fileRef = ED42609A1FCB19FD00229B2A /* RedditClientCore.framework */; };
		ED4260AC1FCB19FD00229B2A /* RedditClientCore.h in Headers */ = {isa = PBXBuildFile; fileRef = ED42609C1FCB19FD00229B2A /* RedditClientCore.h */; settings = {ATTRIBUTES = (Public, ); }; };
		ED4260AF1FCB19FD00229B2A /* RedditClientCore.framework in Frameworks */ = {isa = PBXBuildFile; fileRef = ED42609A1FCB19FD00229B2A /* RedditClientCore.framework */; };
		ED4260B01FCB19FD00229B2A /* RedditClientCore.framework in Embed Frameworks */ = {isa = PBXBuildFile; fileRef = ED42609A1FCB19FD00229B2A /* RedditClientCore.framework */; settings = {ATTRIBUTES = (CodeSignOnCopy, RemoveHeadersOnCopy, ); }; };
		ED4260BB1FCB1C8F00229B2A /* RedditLink.swift in Sources */ = {isa = PBXBuildFile; fileRef = ED4260BA1FCB1C8F00229B2A /* RedditLink.swift */; };
		ED4260BD1FCB21CB00229B2A /* NetworkManager.swift in Sources */ = {isa = PBXBuildFile; fileRef = ED4260BC1FCB21CB00229B2A /* NetworkManager.swift */; };
		ED4260BF1FCB254500229B2A /* HTTPRequest.swift in Sources */ = {isa = PBXBuildFile; fileRef = ED4260BE1FCB254500229B2A /* HTTPRequest.swift */; };
		ED4260C21FCB28E500229B2A /* GetRiddetTopLinksRequest.swift in Sources */ = {isa = PBXBuildFile; fileRef = ED4260C11FCB28E500229B2A /* GetRiddetTopLinksRequest.swift */; };
		ED4260C91FCB34F800229B2A /* GetRiddetTopLinksValidResponse.json in Resources */ = {isa = PBXBuildFile; fileRef = ED4260C81FCB34F800229B2A /* GetRiddetTopLinksValidResponse.json */; };
		ED4260CC1FCB35B200229B2A /* FixtureLoader.swift in Sources */ = {isa = PBXBuildFile; fileRef = ED4260CB1FCB35B200229B2A /* FixtureLoader.swift */; };
		ED4260CD1FCB35E900229B2A /* FixtureLoader.swift in Sources */ = {isa = PBXBuildFile; fileRef = ED4260CB1FCB35B200229B2A /* FixtureLoader.swift */; };
		ED4260CE1FCB36A000229B2A /* GetRiddetTopLinksRequestTests.swift in Sources */ = {isa = PBXBuildFile; fileRef = ED4260C51FCB2B7D00229B2A /* GetRiddetTopLinksRequestTests.swift */; };
		ED4260D01FCB4B2C00229B2A /* Empty.json in Resources */ = {isa = PBXBuildFile; fileRef = ED4260CF1FCB4B2C00229B2A /* Empty.json */; };
		ED4260DA1FCB528F00229B2A /* RedditClientCore.framework in Frameworks */ = {isa = PBXBuildFile; fileRef = ED42609A1FCB19FD00229B2A /* RedditClientCore.framework */; };
		ED4260E31FCB539000229B2A /* GetRiddetTopLinksRequestIntegrationTests.swift in Sources */ = {isa = PBXBuildFile; fileRef = ED4260E21FCB539000229B2A /* GetRiddetTopLinksRequestIntegrationTests.swift */; };
		ED4260E71FCB60F600229B2A /* RedditTopLinksDataProvider.swift in Sources */ = {isa = PBXBuildFile; fileRef = ED4260E61FCB60F600229B2A /* RedditTopLinksDataProvider.swift */; };
		ED50438A1FCE3F51002906C4 /* RedditTopViewModelTests.swift in Sources */ = {isa = PBXBuildFile; fileRef = ED5043891FCE3F51002906C4 /* RedditTopViewModelTests.swift */; };
		ED50438B1FCE43F9002906C4 /* GetRiddetTopLinksValidResponse.json in Resources */ = {isa = PBXBuildFile; fileRef = ED4260C81FCB34F800229B2A /* GetRiddetTopLinksValidResponse.json */; };
		ED50438D1FCE461F002906C4 /* RedditLinkCellViewModelTest.swift in Sources */ = {isa = PBXBuildFile; fileRef = ED50438C1FCE461F002906C4 /* RedditLinkCellViewModelTest.swift */; };
		ED614F3A1FCBB3B800AE9331 /* TimeInterval+Formatter.swift in Sources */ = {isa = PBXBuildFile; fileRef = ED614F391FCBB3B800AE9331 /* TimeInterval+Formatter.swift */; };
		ED614F3E1FCBBCAB00AE9331 /* TimeInterval+FormatterTests.swift in Sources */ = {isa = PBXBuildFile; fileRef = ED614F3D1FCBBCAB00AE9331 /* TimeInterval+FormatterTests.swift */; };
/* End PBXBuildFile section */

/* Begin PBXContainerItemProxy section */
		ED4260841FCB19BD00229B2A /* PBXContainerItemProxy */ = {
			isa = PBXContainerItemProxy;
			containerPortal = ED4260651FCB19BC00229B2A /* Project object */;
			proxyType = 1;
			remoteGlobalIDString = ED42606C1FCB19BC00229B2A;
			remoteInfo = RedditClient;
		};
		ED4260A41FCB19FD00229B2A /* PBXContainerItemProxy */ = {
			isa = PBXContainerItemProxy;
			containerPortal = ED4260651FCB19BC00229B2A /* Project object */;
			proxyType = 1;
			remoteGlobalIDString = ED4260991FCB19FD00229B2A;
			remoteInfo = RedditClientCore;
		};
		ED4260A61FCB19FD00229B2A /* PBXContainerItemProxy */ = {
			isa = PBXContainerItemProxy;
			containerPortal = ED4260651FCB19BC00229B2A /* Project object */;
			proxyType = 1;
			remoteGlobalIDString = ED42606C1FCB19BC00229B2A;
			remoteInfo = RedditClient;
		};
		ED4260AD1FCB19FD00229B2A /* PBXContainerItemProxy */ = {
			isa = PBXContainerItemProxy;
			containerPortal = ED4260651FCB19BC00229B2A /* Project object */;
			proxyType = 1;
			remoteGlobalIDString = ED4260991FCB19FD00229B2A;
			remoteInfo = RedditClientCore;
		};
		ED4260DB1FCB528F00229B2A /* PBXContainerItemProxy */ = {
			isa = PBXContainerItemProxy;
			containerPortal = ED4260651FCB19BC00229B2A /* Project object */;
			proxyType = 1;
			remoteGlobalIDString = ED4260991FCB19FD00229B2A;
			remoteInfo = RedditClientCore;
		};
/* End PBXContainerItemProxy section */

/* Begin PBXCopyFilesBuildPhase section */
		ED4260B41FCB19FD00229B2A /* Embed Frameworks */ = {
			isa = PBXCopyFilesBuildPhase;
			buildActionMask = 2147483647;
			dstPath = "";
			dstSubfolderSpec = 10;
			files = (
				ED4260B01FCB19FD00229B2A /* RedditClientCore.framework in Embed Frameworks */,
			);
			name = "Embed Frameworks";
			runOnlyForDeploymentPostprocessing = 0;
		};
/* End PBXCopyFilesBuildPhase section */

/* Begin PBXFileReference section */
		ED0B81D61FCB67A000981262 /* RedditTopLinksDataProviderTests.swift */ = {isa = PBXFileReference; lastKnownFileType = sourcecode.swift; path = RedditTopLinksDataProviderTests.swift; sourceTree = "<group>"; };
		ED0B81D91FCB67CF00981262 /* MockNetworkManager.swift */ = {isa = PBXFileReference; lastKnownFileType = sourcecode.swift; path = MockNetworkManager.swift; sourceTree = "<group>"; };
		ED0B81DC1FCB711700981262 /* RedditTopViewController.swift */ = {isa = PBXFileReference; lastKnownFileType = sourcecode.swift; path = RedditTopViewController.swift; sourceTree = "<group>"; };
		ED0B81DE1FCB712700981262 /* RedditTopViewModel.swift */ = {isa = PBXFileReference; lastKnownFileType = sourcecode.swift; path = RedditTopViewModel.swift; sourceTree = "<group>"; };
		ED0B81E01FCB75E100981262 /* RedditTopStoryboard.storyboard */ = {isa = PBXFileReference; lastKnownFileType = file.storyboard; path = RedditTopStoryboard.storyboard; sourceTree = "<group>"; };
		ED0B81E31FCB770400981262 /* RedditLinkCell.swift */ = {isa = PBXFileReference; lastKnownFileType = sourcecode.swift; path = RedditLinkCell.swift; sourceTree = "<group>"; };
		ED0B81E51FCB771200981262 /* RedditLinkCellViewModel.swift */ = {isa = PBXFileReference; lastKnownFileType = sourcecode.swift; path = RedditLinkCellViewModel.swift; sourceTree = "<group>"; };
		ED0B81E81FCB7D9000981262 /* RedditClientCoreComponents.swift */ = {isa = PBXFileReference; lastKnownFileType = sourcecode.swift; path = RedditClientCoreComponents.swift; sourceTree = "<group>"; };
		ED395BCE1FCCCF7B0046C900 /* ImageService.swift */ = {isa = PBXFileReference; lastKnownFileType = sourcecode.swift; path = ImageService.swift; sourceTree = "<group>"; };
		ED395BD01FCCD0320046C900 /* ImageCache.swift */ = {isa = PBXFileReference; lastKnownFileType = sourcecode.swift; path = ImageCache.swift; sourceTree = "<group>"; };
		ED395BD21FCCDB3C0046C900 /* ImageLoadRequest.swift */ = {isa = PBXFileReference; lastKnownFileType = sourcecode.swift; path = ImageLoadRequest.swift; sourceTree = "<group>"; };
		ED395BD41FCCDC2E0046C900 /* ImageLoadRequestTests.swift */ = {isa = PBXFileReference; lastKnownFileType = sourcecode.swift; path = ImageLoadRequestTests.swift; sourceTree = "<group>"; };
		ED395BD61FCCE8330046C900 /* ImageServiceProvider.swift */ = {isa = PBXFileReference; lastKnownFileType = sourcecode.swift; path = ImageServiceProvider.swift; sourceTree = "<group>"; };
		ED395BD81FCD03030046C900 /* RedditImage.swift */ = {isa = PBXFileReference; lastKnownFileType = sourcecode.swift; path = RedditImage.swift; sourceTree = "<group>"; };
		ED42606D1FCB19BC00229B2A /* RedditClient.app */ = {isa = PBXFileReference; explicitFileType = wrapper.application; includeInIndex = 0; path = RedditClient.app; sourceTree = BUILT_PRODUCTS_DIR; };
		ED4260701FCB19BC00229B2A /* AppDelegate.swift */ = {isa = PBXFileReference; lastKnownFileType = sourcecode.swift; path = AppDelegate.swift; sourceTree = "<group>"; };
		ED4260791FCB19BC00229B2A /* Assets.xcassets */ = {isa = PBXFileReference; lastKnownFileType = folder.assetcatalog; path = Assets.xcassets; sourceTree = "<group>"; };
		ED42607C1FCB19BC00229B2A /* Base */ = {isa = PBXFileReference; lastKnownFileType = file.storyboard; name = Base; path = Base.lproj/LaunchScreen.storyboard; sourceTree = "<group>"; };
		ED42607E1FCB19BC00229B2A /* Info.plist */ = {isa = PBXFileReference; lastKnownFileType = text.plist.xml; path = Info.plist; sourceTree = "<group>"; };
		ED4260831FCB19BD00229B2A /* RedditClientTests.xctest */ = {isa = PBXFileReference; explicitFileType = wrapper.cfbundle; includeInIndex = 0; path = RedditClientTests.xctest; sourceTree = BUILT_PRODUCTS_DIR; };
		ED4260891FCB19BD00229B2A /* Info.plist */ = {isa = PBXFileReference; lastKnownFileType = text.plist.xml; path = Info.plist; sourceTree = "<group>"; };
		ED42609A1FCB19FD00229B2A /* RedditClientCore.framework */ = {isa = PBXFileReference; explicitFileType = wrapper.framework; includeInIndex = 0; path = RedditClientCore.framework; sourceTree = BUILT_PRODUCTS_DIR; };
		ED42609C1FCB19FD00229B2A /* RedditClientCore.h */ = {isa = PBXFileReference; lastKnownFileType = sourcecode.c.h; path = RedditClientCore.h; sourceTree = "<group>"; };
		ED42609D1FCB19FD00229B2A /* Info.plist */ = {isa = PBXFileReference; lastKnownFileType = text.plist.xml; path = Info.plist; sourceTree = "<group>"; };
		ED4260A21FCB19FD00229B2A /* RedditClientCoreTests.xctest */ = {isa = PBXFileReference; explicitFileType = wrapper.cfbundle; includeInIndex = 0; path = RedditClientCoreTests.xctest; sourceTree = BUILT_PRODUCTS_DIR; };
		ED4260AB1FCB19FD00229B2A /* Info.plist */ = {isa = PBXFileReference; lastKnownFileType = text.plist.xml; path = Info.plist; sourceTree = "<group>"; };
		ED4260BA1FCB1C8F00229B2A /* RedditLink.swift */ = {isa = PBXFileReference; lastKnownFileType = sourcecode.swift; path = RedditLink.swift; sourceTree = "<group>"; };
		ED4260BC1FCB21CB00229B2A /* NetworkManager.swift */ = {isa = PBXFileReference; lastKnownFileType = sourcecode.swift; path = NetworkManager.swift; sourceTree = "<group>"; };
		ED4260BE1FCB254500229B2A /* HTTPRequest.swift */ = {isa = PBXFileReference; lastKnownFileType = sourcecode.swift; path = HTTPRequest.swift; sourceTree = "<group>"; };
		ED4260C11FCB28E500229B2A /* GetRiddetTopLinksRequest.swift */ = {isa = PBXFileReference; lastKnownFileType = sourcecode.swift; path = GetRiddetTopLinksRequest.swift; sourceTree = "<group>"; };
		ED4260C51FCB2B7D00229B2A /* GetRiddetTopLinksRequestTests.swift */ = {isa = PBXFileReference; lastKnownFileType = sourcecode.swift; path = GetRiddetTopLinksRequestTests.swift; sourceTree = "<group>"; };
		ED4260C81FCB34F800229B2A /* GetRiddetTopLinksValidResponse.json */ = {isa = PBXFileReference; lastKnownFileType = text.json; path = GetRiddetTopLinksValidResponse.json; sourceTree = "<group>"; };
		ED4260CB1FCB35B200229B2A /* FixtureLoader.swift */ = {isa = PBXFileReference; lastKnownFileType = sourcecode.swift; path = FixtureLoader.swift; sourceTree = "<group>"; };
		ED4260CF1FCB4B2C00229B2A /* Empty.json */ = {isa = PBXFileReference; lastKnownFileType = text.json; path = Empty.json; sourceTree = "<group>"; };
		ED4260D51FCB528F00229B2A /* RedditClientCoreIntegrationTests.xctest */ = {isa = PBXFileReference; explicitFileType = wrapper.cfbundle; includeInIndex = 0; path = RedditClientCoreIntegrationTests.xctest; sourceTree = BUILT_PRODUCTS_DIR; };
		ED4260D91FCB528F00229B2A /* Info.plist */ = {isa = PBXFileReference; lastKnownFileType = text.plist.xml; path = Info.plist; sourceTree = "<group>"; };
		ED4260E21FCB539000229B2A /* GetRiddetTopLinksRequestIntegrationTests.swift */ = {isa = PBXFileReference; lastKnownFileType = sourcecode.swift; path = GetRiddetTopLinksRequestIntegrationTests.swift; sourceTree = "<group>"; };
		ED4260E61FCB60F600229B2A /* RedditTopLinksDataProvider.swift */ = {isa = PBXFileReference; lastKnownFileType = sourcecode.swift; path = RedditTopLinksDataProvider.swift; sourceTree = "<group>"; };
		ED5043891FCE3F51002906C4 /* RedditTopViewModelTests.swift */ = {isa = PBXFileReference; lastKnownFileType = sourcecode.swift; path = RedditTopViewModelTests.swift; sourceTree = "<group>"; };
		ED50438C1FCE461F002906C4 /* RedditLinkCellViewModelTest.swift */ = {isa = PBXFileReference; lastKnownFileType = sourcecode.swift; path = RedditLinkCellViewModelTest.swift; sourceTree = "<group>"; };
		ED614F391FCBB3B800AE9331 /* TimeInterval+Formatter.swift */ = {isa = PBXFileReference; lastKnownFileType = sourcecode.swift; path = "TimeInterval+Formatter.swift"; sourceTree = "<group>"; };
		ED614F3D1FCBBCAB00AE9331 /* TimeInterval+FormatterTests.swift */ = {isa = PBXFileReference; lastKnownFileType = sourcecode.swift; path = "TimeInterval+FormatterTests.swift"; sourceTree = "<group>"; };
/* End PBXFileReference section */

/* Begin PBXFrameworksBuildPhase section */
		ED42606A1FCB19BC00229B2A /* Frameworks */ = {
			isa = PBXFrameworksBuildPhase;
			buildActionMask = 2147483647;
			files = (
				ED4260AF1FCB19FD00229B2A /* RedditClientCore.framework in Frameworks */,
			);
			runOnlyForDeploymentPostprocessing = 0;
		};
		ED4260801FCB19BD00229B2A /* Frameworks */ = {
			isa = PBXFrameworksBuildPhase;
			buildActionMask = 2147483647;
			files = (
			);
			runOnlyForDeploymentPostprocessing = 0;
		};
		ED4260961FCB19FD00229B2A /* Frameworks */ = {
			isa = PBXFrameworksBuildPhase;
			buildActionMask = 2147483647;
			files = (
			);
			runOnlyForDeploymentPostprocessing = 0;
		};
		ED42609F1FCB19FD00229B2A /* Frameworks */ = {
			isa = PBXFrameworksBuildPhase;
			buildActionMask = 2147483647;
			files = (
				ED4260A31FCB19FD00229B2A /* RedditClientCore.framework in Frameworks */,
			);
			runOnlyForDeploymentPostprocessing = 0;
		};
		ED4260D21FCB528F00229B2A /* Frameworks */ = {
			isa = PBXFrameworksBuildPhase;
			buildActionMask = 2147483647;
			files = (
				ED4260DA1FCB528F00229B2A /* RedditClientCore.framework in Frameworks */,
			);
			runOnlyForDeploymentPostprocessing = 0;
		};
/* End PBXFrameworksBuildPhase section */

/* Begin PBXGroup section */
		ED0B81D51FCB676B00981262 /* Data Providers */ = {
			isa = PBXGroup;
			children = (
				ED0B81D61FCB67A000981262 /* RedditTopLinksDataProviderTests.swift */,
			);
			path = "Data Providers";
			sourceTree = "<group>";
		};
		ED0B81D81FCB67B900981262 /* Mock */ = {
			isa = PBXGroup;
			children = (
				ED0B81D91FCB67CF00981262 /* MockNetworkManager.swift */,
			);
			path = Mock;
			sourceTree = "<group>";
		};
		ED0B81DB1FCB70DB00981262 /* RedditTop */ = {
			isa = PBXGroup;
			children = (
				ED5043871FCE3F2E002906C4 /* Tests */,
				ED0B81E21FCB76D300981262 /* Cell */,
				ED0B81DC1FCB711700981262 /* RedditTopViewController.swift */,
				ED0B81DE1FCB712700981262 /* RedditTopViewModel.swift */,
				ED0B81E01FCB75E100981262 /* RedditTopStoryboard.storyboard */,
			);
			path = RedditTop;
			sourceTree = "<group>";
		};
		ED0B81E21FCB76D300981262 /* Cell */ = {
			isa = PBXGroup;
			children = (
				ED0B81E31FCB770400981262 /* RedditLinkCell.swift */,
				ED0B81E51FCB771200981262 /* RedditLinkCellViewModel.swift */,
			);
			path = Cell;
			sourceTree = "<group>";
		};
		ED0B81E71FCB7D6E00981262 /* Components */ = {
			isa = PBXGroup;
			children = (
				ED0B81E81FCB7D9000981262 /* RedditClientCoreComponents.swift */,
				ED395BD61FCCE8330046C900 /* ImageServiceProvider.swift */,
			);
			path = Components;
			sourceTree = "<group>";
		};
		ED395BCD1FCCCF390046C900 /* Image Service */ = {
			isa = PBXGroup;
			children = (
				ED395BCE1FCCCF7B0046C900 /* ImageService.swift */,
				ED395BD01FCCD0320046C900 /* ImageCache.swift */,
			);
			path = "Image Service";
			sourceTree = "<group>";
		};
		ED4260641FCB19BC00229B2A = {
			isa = PBXGroup;
			children = (
				ED4260921FCB19C400229B2A /* Source */,
				ED42606E1FCB19BC00229B2A /* Products */,
			);
			sourceTree = "<group>";
		};
		ED42606E1FCB19BC00229B2A /* Products */ = {
			isa = PBXGroup;
			children = (
				ED42606D1FCB19BC00229B2A /* RedditClient.app */,
				ED4260831FCB19BD00229B2A /* RedditClientTests.xctest */,
				ED42609A1FCB19FD00229B2A /* RedditClientCore.framework */,
				ED4260A21FCB19FD00229B2A /* RedditClientCoreTests.xctest */,
				ED4260D51FCB528F00229B2A /* RedditClientCoreIntegrationTests.xctest */,
			);
			name = Products;
			sourceTree = "<group>";
		};
		ED42606F1FCB19BC00229B2A /* RedditClient */ = {
			isa = PBXGroup;
			children = (
				ED0B81DB1FCB70DB00981262 /* RedditTop */,
				ED4260701FCB19BC00229B2A /* AppDelegate.swift */,
				ED4260791FCB19BC00229B2A /* Assets.xcassets */,
				ED42607B1FCB19BC00229B2A /* LaunchScreen.storyboard */,
				ED42607E1FCB19BC00229B2A /* Info.plist */,
			);
			path = RedditClient;
			sourceTree = "<group>";
		};
		ED4260861FCB19BD00229B2A /* RedditClientTests */ = {
			isa = PBXGroup;
			children = (
				ED4260891FCB19BD00229B2A /* Info.plist */,
			);
			path = RedditClientTests;
			sourceTree = "<group>";
		};
		ED4260921FCB19C400229B2A /* Source */ = {
			isa = PBXGroup;
			children = (
				ED4260941FCB19E200229B2A /* RedditClientCore */,
				ED4260931FCB19D200229B2A /* App */,
			);
			path = Source;
			sourceTree = "<group>";
		};
		ED4260931FCB19D200229B2A /* App */ = {
			isa = PBXGroup;
			children = (
				ED42606F1FCB19BC00229B2A /* RedditClient */,
				ED4260861FCB19BD00229B2A /* RedditClientTests */,
			);
			path = App;
			sourceTree = "<group>";
		};
		ED4260941FCB19E200229B2A /* RedditClientCore */ = {
			isa = PBXGroup;
			children = (
				ED42609B1FCB19FD00229B2A /* RedditClientCore */,
				ED4260A81FCB19FD00229B2A /* RedditClientCoreTests */,
				ED4260D61FCB528F00229B2A /* RedditClientCoreIntegrationTests */,
			);
			path = RedditClientCore;
			sourceTree = "<group>";
		};
		ED42609B1FCB19FD00229B2A /* RedditClientCore */ = {
			isa = PBXGroup;
			children = (
				ED395BCD1FCCCF390046C900 /* Image Service */,
				ED614F381FCBB39200AE9331 /* Utils */,
				ED0B81E71FCB7D6E00981262 /* Components */,
				ED4260E41FCB609800229B2A /* Data Providers */,
				ED4260B91FCB1BFD00229B2A /* Domain */,
				ED4260B81FCB1BF100229B2A /* Networking */,
				ED42609C1FCB19FD00229B2A /* RedditClientCore.h */,
				ED42609D1FCB19FD00229B2A /* Info.plist */,
			);
			path = RedditClientCore;
			sourceTree = "<group>";
		};
		ED4260A81FCB19FD00229B2A /* RedditClientCoreTests */ = {
			isa = PBXGroup;
			children = (
				ED0B81D81FCB67B900981262 /* Mock */,
				ED0B81D51FCB676B00981262 /* Data Providers */,
				ED4260CA1FCB359400229B2A /* FixtureLoader */,
				ED4260C31FCB2B4D00229B2A /* Networking */,
				ED4260AB1FCB19FD00229B2A /* Info.plist */,
			);
			path = RedditClientCoreTests;
			sourceTree = "<group>";
		};
		ED4260B81FCB1BF100229B2A /* Networking */ = {
			isa = PBXGroup;
			children = (
				ED4260C01FCB254900229B2A /* Requests */,
				ED4260BC1FCB21CB00229B2A /* NetworkManager.swift */,
			);
			path = Networking;
			sourceTree = "<group>";
		};
		ED4260B91FCB1BFD00229B2A /* Domain */ = {
			isa = PBXGroup;
			children = (
				ED4260BA1FCB1C8F00229B2A /* RedditLink.swift */,
				ED395BD81FCD03030046C900 /* RedditImage.swift */,
			);
			path = Domain;
			sourceTree = "<group>";
		};
		ED4260C01FCB254900229B2A /* Requests */ = {
			isa = PBXGroup;
			children = (
				ED4260BE1FCB254500229B2A /* HTTPRequest.swift */,
				ED4260C11FCB28E500229B2A /* GetRiddetTopLinksRequest.swift */,
				ED395BD21FCCDB3C0046C900 /* ImageLoadRequest.swift */,
			);
			path = Requests;
			sourceTree = "<group>";
		};
		ED4260C31FCB2B4D00229B2A /* Networking */ = {
			isa = PBXGroup;
			children = (
				ED4260C41FCB2B5700229B2A /* Requests */,
			);
			path = Networking;
			sourceTree = "<group>";
		};
		ED4260C41FCB2B5700229B2A /* Requests */ = {
			isa = PBXGroup;
			children = (
				ED4260C71FCB337800229B2A /* Fixtures */,
				ED4260C51FCB2B7D00229B2A /* GetRiddetTopLinksRequestTests.swift */,
				ED395BD41FCCDC2E0046C900 /* ImageLoadRequestTests.swift */,
			);
			path = Requests;
			sourceTree = "<group>";
		};
		ED4260C71FCB337800229B2A /* Fixtures */ = {
			isa = PBXGroup;
			children = (
				ED4260C81FCB34F800229B2A /* GetRiddetTopLinksValidResponse.json */,
				ED4260CF1FCB4B2C00229B2A /* Empty.json */,
			);
			path = Fixtures;
			sourceTree = "<group>";
		};
		ED4260CA1FCB359400229B2A /* FixtureLoader */ = {
			isa = PBXGroup;
			children = (
				ED4260CB1FCB35B200229B2A /* FixtureLoader.swift */,
			);
			path = FixtureLoader;
			sourceTree = "<group>";
		};
		ED4260D61FCB528F00229B2A /* RedditClientCoreIntegrationTests */ = {
			isa = PBXGroup;
			children = (
				ED4260E01FCB534F00229B2A /* Networking */,
				ED4260D91FCB528F00229B2A /* Info.plist */,
			);
			path = RedditClientCoreIntegrationTests;
			sourceTree = "<group>";
		};
		ED4260E01FCB534F00229B2A /* Networking */ = {
			isa = PBXGroup;
			children = (
				ED4260E11FCB535A00229B2A /* Requests */,
			);
			path = Networking;
			sourceTree = "<group>";
		};
		ED4260E11FCB535A00229B2A /* Requests */ = {
			isa = PBXGroup;
			children = (
				ED4260E21FCB539000229B2A /* GetRiddetTopLinksRequestIntegrationTests.swift */,
			);
			path = Requests;
			sourceTree = "<group>";
		};
		ED4260E41FCB609800229B2A /* Data Providers */ = {
			isa = PBXGroup;
			children = (
				ED4260E51FCB60CA00229B2A /* RedditTopLinksDataProvider */,
			);
			path = "Data Providers";
			sourceTree = "<group>";
		};
		ED4260E51FCB60CA00229B2A /* RedditTopLinksDataProvider */ = {
			isa = PBXGroup;
			children = (
				ED4260E61FCB60F600229B2A /* RedditTopLinksDataProvider.swift */,
			);
			path = RedditTopLinksDataProvider;
			sourceTree = "<group>";
		};
		ED5043871FCE3F2E002906C4 /* Tests */ = {
			isa = PBXGroup;
			children = (
				ED5043891FCE3F51002906C4 /* RedditTopViewModelTests.swift */,
				ED50438C1FCE461F002906C4 /* RedditLinkCellViewModelTest.swift */,
			);
			path = Tests;
			sourceTree = "<group>";
		};
		ED614F381FCBB39200AE9331 /* Utils */ = {
			isa = PBXGroup;
			children = (
				ED614F3B1FCBB3C900AE9331 /* TimeInterval+Formatter */,
			);
			path = Utils;
			sourceTree = "<group>";
		};
		ED614F3B1FCBB3C900AE9331 /* TimeInterval+Formatter */ = {
			isa = PBXGroup;
			children = (
				ED614F3C1FCBBC9200AE9331 /* Tests */,
				ED614F391FCBB3B800AE9331 /* TimeInterval+Formatter.swift */,
			);
			path = "TimeInterval+Formatter";
			sourceTree = "<group>";
		};
		ED614F3C1FCBBC9200AE9331 /* Tests */ = {
			isa = PBXGroup;
			children = (
				ED614F3D1FCBBCAB00AE9331 /* TimeInterval+FormatterTests.swift */,
			);
			path = Tests;
			sourceTree = "<group>";
		};
/* End PBXGroup section */

/* Begin PBXHeadersBuildPhase section */
		ED4260971FCB19FD00229B2A /* Headers */ = {
			isa = PBXHeadersBuildPhase;
			buildActionMask = 2147483647;
			files = (
				ED4260AC1FCB19FD00229B2A /* RedditClientCore.h in Headers */,
			);
			runOnlyForDeploymentPostprocessing = 0;
		};
/* End PBXHeadersBuildPhase section */

/* Begin PBXNativeTarget section */
		ED42606C1FCB19BC00229B2A /* RedditClient */ = {
			isa = PBXNativeTarget;
			buildConfigurationList = ED42608C1FCB19BD00229B2A /* Build configuration list for PBXNativeTarget "RedditClient" */;
			buildPhases = (
				ED4260691FCB19BC00229B2A /* Sources */,
				ED42606A1FCB19BC00229B2A /* Frameworks */,
				ED42606B1FCB19BC00229B2A /* Resources */,
				ED4260B41FCB19FD00229B2A /* Embed Frameworks */,
			);
			buildRules = (
			);
			dependencies = (
				ED4260AE1FCB19FD00229B2A /* PBXTargetDependency */,
			);
			name = RedditClient;
			productName = RedditClient;
			productReference = ED42606D1FCB19BC00229B2A /* RedditClient.app */;
			productType = "com.apple.product-type.application";
		};
		ED4260821FCB19BD00229B2A /* RedditClientTests */ = {
			isa = PBXNativeTarget;
			buildConfigurationList = ED42608F1FCB19BD00229B2A /* Build configuration list for PBXNativeTarget "RedditClientTests" */;
			buildPhases = (
				ED42607F1FCB19BD00229B2A /* Sources */,
				ED4260801FCB19BD00229B2A /* Frameworks */,
				ED4260811FCB19BD00229B2A /* Resources */,
			);
			buildRules = (
			);
			dependencies = (
				ED4260851FCB19BD00229B2A /* PBXTargetDependency */,
			);
			name = RedditClientTests;
			productName = RedditClientTests;
			productReference = ED4260831FCB19BD00229B2A /* RedditClientTests.xctest */;
			productType = "com.apple.product-type.bundle.unit-test";
		};
		ED4260991FCB19FD00229B2A /* RedditClientCore */ = {
			isa = PBXNativeTarget;
			buildConfigurationList = ED4260B11FCB19FD00229B2A /* Build configuration list for PBXNativeTarget "RedditClientCore" */;
			buildPhases = (
				ED4260951FCB19FD00229B2A /* Sources */,
				ED4260961FCB19FD00229B2A /* Frameworks */,
				ED4260971FCB19FD00229B2A /* Headers */,
				ED4260981FCB19FD00229B2A /* Resources */,
			);
			buildRules = (
			);
			dependencies = (
			);
			name = RedditClientCore;
			productName = RedditClientCore;
			productReference = ED42609A1FCB19FD00229B2A /* RedditClientCore.framework */;
			productType = "com.apple.product-type.framework";
		};
		ED4260A11FCB19FD00229B2A /* RedditClientCoreTests */ = {
			isa = PBXNativeTarget;
			buildConfigurationList = ED4260B51FCB19FD00229B2A /* Build configuration list for PBXNativeTarget "RedditClientCoreTests" */;
			buildPhases = (
				ED42609E1FCB19FD00229B2A /* Sources */,
				ED42609F1FCB19FD00229B2A /* Frameworks */,
				ED4260A01FCB19FD00229B2A /* Resources */,
			);
			buildRules = (
			);
			dependencies = (
				ED4260A51FCB19FD00229B2A /* PBXTargetDependency */,
				ED4260A71FCB19FD00229B2A /* PBXTargetDependency */,
			);
			name = RedditClientCoreTests;
			productName = RedditClientCoreTests;
			productReference = ED4260A21FCB19FD00229B2A /* RedditClientCoreTests.xctest */;
			productType = "com.apple.product-type.bundle.unit-test";
		};
		ED4260D41FCB528F00229B2A /* RedditClientCoreIntegrationTests */ = {
			isa = PBXNativeTarget;
			buildConfigurationList = ED4260DD1FCB528F00229B2A /* Build configuration list for PBXNativeTarget "RedditClientCoreIntegrationTests" */;
			buildPhases = (
				ED4260D11FCB528F00229B2A /* Sources */,
				ED4260D21FCB528F00229B2A /* Frameworks */,
				ED4260D31FCB528F00229B2A /* Resources */,
			);
			buildRules = (
			);
			dependencies = (
				ED4260DC1FCB528F00229B2A /* PBXTargetDependency */,
			);
			name = RedditClientCoreIntegrationTests;
			productName = RedditClientCoreIntegrationTests;
			productReference = ED4260D51FCB528F00229B2A /* RedditClientCoreIntegrationTests.xctest */;
			productType = "com.apple.product-type.bundle.unit-test";
		};
/* End PBXNativeTarget section */

/* Begin PBXProject section */
		ED4260651FCB19BC00229B2A /* Project object */ = {
			isa = PBXProject;
			attributes = {
				LastSwiftUpdateCheck = 0910;
				LastUpgradeCheck = 0910;
				ORGANIZATIONNAME = "Maksym Malyhin";
				TargetAttributes = {
					ED42606C1FCB19BC00229B2A = {
						CreatedOnToolsVersion = 9.1;
						ProvisioningStyle = Manual;
					};
					ED4260821FCB19BD00229B2A = {
						CreatedOnToolsVersion = 9.1;
						ProvisioningStyle = Automatic;
						TestTargetID = ED42606C1FCB19BC00229B2A;
					};
					ED4260991FCB19FD00229B2A = {
						CreatedOnToolsVersion = 9.1;
						LastSwiftMigration = 0910;
						ProvisioningStyle = Automatic;
					};
					ED4260A11FCB19FD00229B2A = {
						CreatedOnToolsVersion = 9.1;
						ProvisioningStyle = Automatic;
						TestTargetID = ED42606C1FCB19BC00229B2A;
					};
					ED4260D41FCB528F00229B2A = {
						CreatedOnToolsVersion = 9.1;
						LastSwiftMigration = 0910;
						ProvisioningStyle = Automatic;
					};
				};
			};
			buildConfigurationList = ED4260681FCB19BC00229B2A /* Build configuration list for PBXProject "RedditClient" */;
			compatibilityVersion = "Xcode 8.0";
			developmentRegion = en;
			hasScannedForEncodings = 0;
			knownRegions = (
				en,
				Base,
			);
			mainGroup = ED4260641FCB19BC00229B2A;
			productRefGroup = ED42606E1FCB19BC00229B2A /* Products */;
			projectDirPath = "";
			projectRoot = "";
			targets = (
				ED42606C1FCB19BC00229B2A /* RedditClient */,
				ED4260821FCB19BD00229B2A /* RedditClientTests */,
				ED4260991FCB19FD00229B2A /* RedditClientCore */,
				ED4260A11FCB19FD00229B2A /* RedditClientCoreTests */,
				ED4260D41FCB528F00229B2A /* RedditClientCoreIntegrationTests */,
			);
		};
/* End PBXProject section */

/* Begin PBXResourcesBuildPhase section */
		ED42606B1FCB19BC00229B2A /* Resources */ = {
			isa = PBXResourcesBuildPhase;
			buildActionMask = 2147483647;
			files = (
				ED42607D1FCB19BC00229B2A /* LaunchScreen.storyboard in Resources */,
				ED42607A1FCB19BC00229B2A /* Assets.xcassets in Resources */,
				ED0B81E11FCB75E100981262 /* RedditTopStoryboard.storyboard in Resources */,
			);
			runOnlyForDeploymentPostprocessing = 0;
		};
		ED4260811FCB19BD00229B2A /* Resources */ = {
			isa = PBXResourcesBuildPhase;
			buildActionMask = 2147483647;
			files = (
				ED50438B1FCE43F9002906C4 /* GetRiddetTopLinksValidResponse.json in Resources */,
			);
			runOnlyForDeploymentPostprocessing = 0;
		};
		ED4260981FCB19FD00229B2A /* Resources */ = {
			isa = PBXResourcesBuildPhase;
			buildActionMask = 2147483647;
			files = (
			);
			runOnlyForDeploymentPostprocessing = 0;
		};
		ED4260A01FCB19FD00229B2A /* Resources */ = {
			isa = PBXResourcesBuildPhase;
			buildActionMask = 2147483647;
			files = (
				ED4260C91FCB34F800229B2A /* GetRiddetTopLinksValidResponse.json in Resources */,
				ED4260D01FCB4B2C00229B2A /* Empty.json in Resources */,
			);
			runOnlyForDeploymentPostprocessing = 0;
		};
		ED4260D31FCB528F00229B2A /* Resources */ = {
			isa = PBXResourcesBuildPhase;
			buildActionMask = 2147483647;
			files = (
			);
			runOnlyForDeploymentPostprocessing = 0;
		};
/* End PBXResourcesBuildPhase section */

/* Begin PBXSourcesBuildPhase section */
		ED4260691FCB19BC00229B2A /* Sources */ = {
			isa = PBXSourcesBuildPhase;
			buildActionMask = 2147483647;
			files = (
				ED0B81DF1FCB712700981262 /* RedditTopViewModel.swift in Sources */,
				ED0B81E61FCB771200981262 /* RedditLinkCellViewModel.swift in Sources */,
				ED0B81E41FCB770400981262 /* RedditLinkCell.swift in Sources */,
				ED0B81DD1FCB711700981262 /* RedditTopViewController.swift in Sources */,
				ED4260711FCB19BC00229B2A /* AppDelegate.swift in Sources */,
			);
			runOnlyForDeploymentPostprocessing = 0;
		};
		ED42607F1FCB19BD00229B2A /* Sources */ = {
			isa = PBXSourcesBuildPhase;
			buildActionMask = 2147483647;
			files = (
				ED50438A1FCE3F51002906C4 /* RedditTopViewModelTests.swift in Sources */,
				ED4260CD1FCB35E900229B2A /* FixtureLoader.swift in Sources */,
				ED50438D1FCE461F002906C4 /* RedditLinkCellViewModelTest.swift in Sources */,
				ED614F3E1FCBBCAB00AE9331 /* TimeInterval+FormatterTests.swift in Sources */,
			);
			runOnlyForDeploymentPostprocessing = 0;
		};
		ED4260951FCB19FD00229B2A /* Sources */ = {
			isa = PBXSourcesBuildPhase;
			buildActionMask = 2147483647;
			files = (
				ED0B81E91FCB7D9000981262 /* RedditClientCoreComponents.swift in Sources */,
				ED395BCF1FCCCF7B0046C900 /* ImageService.swift in Sources */,
				ED4260E71FCB60F600229B2A /* RedditTopLinksDataProvider.swift in Sources */,
				ED395BD91FCD03030046C900 /* RedditImage.swift in Sources */,
				ED395BD31FCCDB3C0046C900 /* ImageLoadRequest.swift in Sources */,
				ED395BD11FCCD0320046C900 /* ImageCache.swift in Sources */,
				ED395BD71FCCE8330046C900 /* ImageServiceProvider.swift in Sources */,
				ED4260BF1FCB254500229B2A /* HTTPRequest.swift in Sources */,
				ED4260BD1FCB21CB00229B2A /* NetworkManager.swift in Sources */,
				ED614F3A1FCBB3B800AE9331 /* TimeInterval+Formatter.swift in Sources */,
				ED4260C21FCB28E500229B2A /* GetRiddetTopLinksRequest.swift in Sources */,
				ED4260BB1FCB1C8F00229B2A /* RedditLink.swift in Sources */,
			);
			runOnlyForDeploymentPostprocessing = 0;
		};
		ED42609E1FCB19FD00229B2A /* Sources */ = {
			isa = PBXSourcesBuildPhase;
			buildActionMask = 2147483647;
			files = (
				ED395BD51FCCDC2E0046C900 /* ImageLoadRequestTests.swift in Sources */,
				ED0B81D71FCB67A000981262 /* RedditTopLinksDataProviderTests.swift in Sources */,
				ED4260CE1FCB36A000229B2A /* GetRiddetTopLinksRequestTests.swift in Sources */,
				ED0B81DA1FCB67CF00981262 /* MockNetworkManager.swift in Sources */,
				ED4260CC1FCB35B200229B2A /* FixtureLoader.swift in Sources */,
			);
			runOnlyForDeploymentPostprocessing = 0;
		};
		ED4260D11FCB528F00229B2A /* Sources */ = {
			isa = PBXSourcesBuildPhase;
			buildActionMask = 2147483647;
			files = (
				ED4260E31FCB539000229B2A /* GetRiddetTopLinksRequestIntegrationTests.swift in Sources */,
			);
			runOnlyForDeploymentPostprocessing = 0;
		};
/* End PBXSourcesBuildPhase section */

/* Begin PBXTargetDependency section */
		ED4260851FCB19BD00229B2A /* PBXTargetDependency */ = {
			isa = PBXTargetDependency;
			target = ED42606C1FCB19BC00229B2A /* RedditClient */;
			targetProxy = ED4260841FCB19BD00229B2A /* PBXContainerItemProxy */;
		};
		ED4260A51FCB19FD00229B2A /* PBXTargetDependency */ = {
			isa = PBXTargetDependency;
			target = ED4260991FCB19FD00229B2A /* RedditClientCore */;
			targetProxy = ED4260A41FCB19FD00229B2A /* PBXContainerItemProxy */;
		};
		ED4260A71FCB19FD00229B2A /* PBXTargetDependency */ = {
			isa = PBXTargetDependency;
			target = ED42606C1FCB19BC00229B2A /* RedditClient */;
			targetProxy = ED4260A61FCB19FD00229B2A /* PBXContainerItemProxy */;
		};
		ED4260AE1FCB19FD00229B2A /* PBXTargetDependency */ = {
			isa = PBXTargetDependency;
			target = ED4260991FCB19FD00229B2A /* RedditClientCore */;
			targetProxy = ED4260AD1FCB19FD00229B2A /* PBXContainerItemProxy */;
		};
		ED4260DC1FCB528F00229B2A /* PBXTargetDependency */ = {
			isa = PBXTargetDependency;
			target = ED4260991FCB19FD00229B2A /* RedditClientCore */;
			targetProxy = ED4260DB1FCB528F00229B2A /* PBXContainerItemProxy */;
		};
/* End PBXTargetDependency section */

/* Begin PBXVariantGroup section */
		ED42607B1FCB19BC00229B2A /* LaunchScreen.storyboard */ = {
			isa = PBXVariantGroup;
			children = (
				ED42607C1FCB19BC00229B2A /* Base */,
			);
			name = LaunchScreen.storyboard;
			sourceTree = "<group>";
		};
/* End PBXVariantGroup section */

/* Begin XCBuildConfiguration section */
		ED42608A1FCB19BD00229B2A /* Debug */ = {
			isa = XCBuildConfiguration;
			buildSettings = {
				ALWAYS_SEARCH_USER_PATHS = NO;
				CLANG_ANALYZER_NONNULL = YES;
				CLANG_ANALYZER_NUMBER_OBJECT_CONVERSION = YES_AGGRESSIVE;
				CLANG_CXX_LANGUAGE_STANDARD = "gnu++14";
				CLANG_CXX_LIBRARY = "libc++";
				CLANG_ENABLE_MODULES = YES;
				CLANG_ENABLE_OBJC_ARC = YES;
				CLANG_WARN_BLOCK_CAPTURE_AUTORELEASING = YES;
				CLANG_WARN_BOOL_CONVERSION = YES;
				CLANG_WARN_COMMA = YES;
				CLANG_WARN_CONSTANT_CONVERSION = YES;
				CLANG_WARN_DIRECT_OBJC_ISA_USAGE = YES_ERROR;
				CLANG_WARN_DOCUMENTATION_COMMENTS = YES;
				CLANG_WARN_EMPTY_BODY = YES;
				CLANG_WARN_ENUM_CONVERSION = YES;
				CLANG_WARN_INFINITE_RECURSION = YES;
				CLANG_WARN_INT_CONVERSION = YES;
				CLANG_WARN_NON_LITERAL_NULL_CONVERSION = YES;
				CLANG_WARN_OBJC_LITERAL_CONVERSION = YES;
				CLANG_WARN_OBJC_ROOT_CLASS = YES_ERROR;
				CLANG_WARN_RANGE_LOOP_ANALYSIS = YES;
				CLANG_WARN_STRICT_PROTOTYPES = YES;
				CLANG_WARN_SUSPICIOUS_MOVE = YES;
				CLANG_WARN_UNGUARDED_AVAILABILITY = YES_AGGRESSIVE;
				CLANG_WARN_UNREACHABLE_CODE = YES;
				CLANG_WARN__DUPLICATE_METHOD_MATCH = YES;
				CODE_SIGN_IDENTITY = "iPhone Developer";
				COPY_PHASE_STRIP = NO;
				DEBUG_INFORMATION_FORMAT = dwarf;
				ENABLE_STRICT_OBJC_MSGSEND = YES;
				ENABLE_TESTABILITY = YES;
				GCC_C_LANGUAGE_STANDARD = gnu11;
				GCC_DYNAMIC_NO_PIC = NO;
				GCC_NO_COMMON_BLOCKS = YES;
				GCC_OPTIMIZATION_LEVEL = 0;
				GCC_PREPROCESSOR_DEFINITIONS = (
					"DEBUG=1",
					"$(inherited)",
				);
				GCC_WARN_64_TO_32_BIT_CONVERSION = YES;
				GCC_WARN_ABOUT_RETURN_TYPE = YES_ERROR;
				GCC_WARN_UNDECLARED_SELECTOR = YES;
				GCC_WARN_UNINITIALIZED_AUTOS = YES_AGGRESSIVE;
				GCC_WARN_UNUSED_FUNCTION = YES;
				GCC_WARN_UNUSED_VARIABLE = YES;
				IPHONEOS_DEPLOYMENT_TARGET = 11.1;
				MTL_ENABLE_DEBUG_INFO = YES;
				ONLY_ACTIVE_ARCH = YES;
				SDKROOT = iphoneos;
				SWIFT_ACTIVE_COMPILATION_CONDITIONS = DEBUG;
				SWIFT_OPTIMIZATION_LEVEL = "-Onone";
			};
			name = Debug;
		};
		ED42608B1FCB19BD00229B2A /* Release */ = {
			isa = XCBuildConfiguration;
			buildSettings = {
				ALWAYS_SEARCH_USER_PATHS = NO;
				CLANG_ANALYZER_NONNULL = YES;
				CLANG_ANALYZER_NUMBER_OBJECT_CONVERSION = YES_AGGRESSIVE;
				CLANG_CXX_LANGUAGE_STANDARD = "gnu++14";
				CLANG_CXX_LIBRARY = "libc++";
				CLANG_ENABLE_MODULES = YES;
				CLANG_ENABLE_OBJC_ARC = YES;
				CLANG_WARN_BLOCK_CAPTURE_AUTORELEASING = YES;
				CLANG_WARN_BOOL_CONVERSION = YES;
				CLANG_WARN_COMMA = YES;
				CLANG_WARN_CONSTANT_CONVERSION = YES;
				CLANG_WARN_DIRECT_OBJC_ISA_USAGE = YES_ERROR;
				CLANG_WARN_DOCUMENTATION_COMMENTS = YES;
				CLANG_WARN_EMPTY_BODY = YES;
				CLANG_WARN_ENUM_CONVERSION = YES;
				CLANG_WARN_INFINITE_RECURSION = YES;
				CLANG_WARN_INT_CONVERSION = YES;
				CLANG_WARN_NON_LITERAL_NULL_CONVERSION = YES;
				CLANG_WARN_OBJC_LITERAL_CONVERSION = YES;
				CLANG_WARN_OBJC_ROOT_CLASS = YES_ERROR;
				CLANG_WARN_RANGE_LOOP_ANALYSIS = YES;
				CLANG_WARN_STRICT_PROTOTYPES = YES;
				CLANG_WARN_SUSPICIOUS_MOVE = YES;
				CLANG_WARN_UNGUARDED_AVAILABILITY = YES_AGGRESSIVE;
				CLANG_WARN_UNREACHABLE_CODE = YES;
				CLANG_WARN__DUPLICATE_METHOD_MATCH = YES;
				CODE_SIGN_IDENTITY = "iPhone Developer";
				COPY_PHASE_STRIP = NO;
				DEBUG_INFORMATION_FORMAT = "dwarf-with-dsym";
				ENABLE_NS_ASSERTIONS = NO;
				ENABLE_STRICT_OBJC_MSGSEND = YES;
				GCC_C_LANGUAGE_STANDARD = gnu11;
				GCC_NO_COMMON_BLOCKS = YES;
				GCC_WARN_64_TO_32_BIT_CONVERSION = YES;
				GCC_WARN_ABOUT_RETURN_TYPE = YES_ERROR;
				GCC_WARN_UNDECLARED_SELECTOR = YES;
				GCC_WARN_UNINITIALIZED_AUTOS = YES_AGGRESSIVE;
				GCC_WARN_UNUSED_FUNCTION = YES;
				GCC_WARN_UNUSED_VARIABLE = YES;
				IPHONEOS_DEPLOYMENT_TARGET = 11.1;
				MTL_ENABLE_DEBUG_INFO = NO;
				SDKROOT = iphoneos;
				SWIFT_OPTIMIZATION_LEVEL = "-Owholemodule";
				VALIDATE_PRODUCT = YES;
			};
			name = Release;
		};
		ED42608D1FCB19BD00229B2A /* Debug */ = {
			isa = XCBuildConfiguration;
			buildSettings = {
				ALWAYS_EMBED_SWIFT_STANDARD_LIBRARIES = YES;
				ASSETCATALOG_COMPILER_APPICON_NAME = AppIcon;
				"CODE_SIGN_IDENTITY[sdk=iphoneos*]" = "iPhone Developer";
				CODE_SIGN_STYLE = Manual;
				DEVELOPMENT_TEAM = 374XEWX2QT;
				INFOPLIST_FILE = Source/App/RedditClient/Info.plist;
				IPHONEOS_DEPLOYMENT_TARGET = 11.1;
				LD_RUNPATH_SEARCH_PATHS = "$(inherited) @executable_path/Frameworks";
				PRODUCT_BUNDLE_IDENTIFIER = com.malyhin.maksym.RedditClient;
				PRODUCT_NAME = "$(TARGET_NAME)";
				PROVISIONING_PROFILE = "52163671-dc5c-4fbe-8f67-262e0ca2cf45";
				PROVISIONING_PROFILE_SPECIFIER = "Development Wildcard";
				SWIFT_TREAT_WARNINGS_AS_ERRORS = YES;
				SWIFT_VERSION = 4.0;
				TARGETED_DEVICE_FAMILY = "1,2";
			};
			name = Debug;
		};
		ED42608E1FCB19BD00229B2A /* Release */ = {
			isa = XCBuildConfiguration;
			buildSettings = {
				ALWAYS_EMBED_SWIFT_STANDARD_LIBRARIES = YES;
				ASSETCATALOG_COMPILER_APPICON_NAME = AppIcon;
				"CODE_SIGN_IDENTITY[sdk=iphoneos*]" = "iPhone Developer";
				CODE_SIGN_STYLE = Manual;
				DEVELOPMENT_TEAM = "";
				INFOPLIST_FILE = Source/App/RedditClient/Info.plist;
				IPHONEOS_DEPLOYMENT_TARGET = 11.1;
				LD_RUNPATH_SEARCH_PATHS = "$(inherited) @executable_path/Frameworks";
				PRODUCT_BUNDLE_IDENTIFIER = com.malyhin.maksym.RedditClient;
				PRODUCT_NAME = "$(TARGET_NAME)";
				PROVISIONING_PROFILE_SPECIFIER = "";
				SWIFT_TREAT_WARNINGS_AS_ERRORS = YES;
				SWIFT_VERSION = 4.0;
				TARGETED_DEVICE_FAMILY = "1,2";
			};
			name = Release;
		};
		ED4260901FCB19BD00229B2A /* Debug */ = {
			isa = XCBuildConfiguration;
			buildSettings = {
				ALWAYS_EMBED_SWIFT_STANDARD_LIBRARIES = YES;
				BUNDLE_LOADER = "$(TEST_HOST)";
				CODE_SIGN_STYLE = Automatic;
				DEVELOPMENT_TEAM = 9K2GX4VRRU;
				INFOPLIST_FILE = Source/App/RedditClientTests/Info.plist;
				LD_RUNPATH_SEARCH_PATHS = "$(inherited) @executable_path/Frameworks @loader_path/Frameworks";
				PRODUCT_BUNDLE_IDENTIFIER = com.malyhin.maksym.RedditClientTests;
				PRODUCT_NAME = "$(TARGET_NAME)";
				SWIFT_VERSION = 4.0;
				TARGETED_DEVICE_FAMILY = "1,2";
				TEST_HOST = "$(BUILT_PRODUCTS_DIR)/RedditClient.app/RedditClient";
			};
			name = Debug;
		};
		ED4260911FCB19BD00229B2A /* Release */ = {
			isa = XCBuildConfiguration;
			buildSettings = {
				ALWAYS_EMBED_SWIFT_STANDARD_LIBRARIES = YES;
				BUNDLE_LOADER = "$(TEST_HOST)";
				CODE_SIGN_STYLE = Automatic;
				DEVELOPMENT_TEAM = 9K2GX4VRRU;
				INFOPLIST_FILE = Source/App/RedditClientTests/Info.plist;
				LD_RUNPATH_SEARCH_PATHS = "$(inherited) @executable_path/Frameworks @loader_path/Frameworks";
				PRODUCT_BUNDLE_IDENTIFIER = com.malyhin.maksym.RedditClientTests;
				PRODUCT_NAME = "$(TARGET_NAME)";
				SWIFT_VERSION = 4.0;
				TARGETED_DEVICE_FAMILY = "1,2";
				TEST_HOST = "$(BUILT_PRODUCTS_DIR)/RedditClient.app/RedditClient";
			};
			name = Release;
		};
		ED4260B21FCB19FD00229B2A /* Debug */ = {
			isa = XCBuildConfiguration;
			buildSettings = {
				CLANG_ENABLE_MODULES = YES;
				CODE_SIGN_IDENTITY = "";
				CODE_SIGN_STYLE = Automatic;
				CURRENT_PROJECT_VERSION = 1;
				DEFINES_MODULE = YES;
				DEVELOPMENT_TEAM = 9K2GX4VRRU;
				DYLIB_COMPATIBILITY_VERSION = 1;
				DYLIB_CURRENT_VERSION = 1;
				DYLIB_INSTALL_NAME_BASE = "@rpath";
				INFOPLIST_FILE = Source/RedditClientCore/RedditClientCore/Info.plist;
				INSTALL_PATH = "$(LOCAL_LIBRARY_DIR)/Frameworks";
				LD_RUNPATH_SEARCH_PATHS = "$(inherited) @executable_path/Frameworks @loader_path/Frameworks";
				PRODUCT_BUNDLE_IDENTIFIER = com.malyhin.maksym.RedditClientCore;
				PRODUCT_NAME = "$(TARGET_NAME:c99extidentifier)";
				SKIP_INSTALL = YES;
				SWIFT_OPTIMIZATION_LEVEL = "-Onone";
				SWIFT_TREAT_WARNINGS_AS_ERRORS = YES;
				SWIFT_VERSION = 4.0;
				TARGETED_DEVICE_FAMILY = "1,2";
				VERSIONING_SYSTEM = "apple-generic";
				VERSION_INFO_PREFIX = "";
			};
			name = Debug;
		};
		ED4260B31FCB19FD00229B2A /* Release */ = {
			isa = XCBuildConfiguration;
			buildSettings = {
				CLANG_ENABLE_MODULES = YES;
				CODE_SIGN_IDENTITY = "";
				CODE_SIGN_STYLE = Automatic;
				CURRENT_PROJECT_VERSION = 1;
				DEFINES_MODULE = YES;
				DEVELOPMENT_TEAM = 9K2GX4VRRU;
				DYLIB_COMPATIBILITY_VERSION = 1;
				DYLIB_CURRENT_VERSION = 1;
				DYLIB_INSTALL_NAME_BASE = "@rpath";
				INFOPLIST_FILE = Source/RedditClientCore/RedditClientCore/Info.plist;
				INSTALL_PATH = "$(LOCAL_LIBRARY_DIR)/Frameworks";
				LD_RUNPATH_SEARCH_PATHS = "$(inherited) @executable_path/Frameworks @loader_path/Frameworks";
				PRODUCT_BUNDLE_IDENTIFIER = com.malyhin.maksym.RedditClientCore;
				PRODUCT_NAME = "$(TARGET_NAME:c99extidentifier)";
				SKIP_INSTALL = YES;
				SWIFT_TREAT_WARNINGS_AS_ERRORS = YES;
				SWIFT_VERSION = 4.0;
				TARGETED_DEVICE_FAMILY = "1,2";
				VERSIONING_SYSTEM = "apple-generic";
				VERSION_INFO_PREFIX = "";
			};
			name = Release;
		};
		ED4260B61FCB19FD00229B2A /* Debug */ = {
			isa = XCBuildConfiguration;
			buildSettings = {
				ALWAYS_EMBED_SWIFT_STANDARD_LIBRARIES = YES;
				CODE_SIGN_STYLE = Automatic;
				DEVELOPMENT_TEAM = 9K2GX4VRRU;
				INFOPLIST_FILE = Source/RedditClientCore/RedditClientCoreTests/Info.plist;
				LD_RUNPATH_SEARCH_PATHS = "$(inherited) @executable_path/Frameworks @loader_path/Frameworks";
				PRODUCT_BUNDLE_IDENTIFIER = com.malyhin.maksym.RedditClientCoreTests;
				PRODUCT_NAME = "$(TARGET_NAME)";
				SWIFT_VERSION = 4.0;
				TARGETED_DEVICE_FAMILY = "1,2";
				TEST_HOST = "$(BUILT_PRODUCTS_DIR)/RedditClient.app/RedditClient";
			};
			name = Debug;
		};
		ED4260B71FCB19FD00229B2A /* Release */ = {
			isa = XCBuildConfiguration;
			buildSettings = {
				ALWAYS_EMBED_SWIFT_STANDARD_LIBRARIES = YES;
				CODE_SIGN_STYLE = Automatic;
				DEVELOPMENT_TEAM = 9K2GX4VRRU;
				INFOPLIST_FILE = Source/RedditClientCore/RedditClientCoreTests/Info.plist;
				LD_RUNPATH_SEARCH_PATHS = "$(inherited) @executable_path/Frameworks @loader_path/Frameworks";
				PRODUCT_BUNDLE_IDENTIFIER = com.malyhin.maksym.RedditClientCoreTests;
				PRODUCT_NAME = "$(TARGET_NAME)";
				SWIFT_VERSION = 4.0;
				TARGETED_DEVICE_FAMILY = "1,2";
				TEST_HOST = "$(BUILT_PRODUCTS_DIR)/RedditClient.app/RedditClient";
			};
			name = Release;
		};
		ED4260DE1FCB528F00229B2A /* Debug */ = {
			isa = XCBuildConfiguration;
			buildSettings = {
				CLANG_ENABLE_MODULES = YES;
				CODE_SIGN_STYLE = Automatic;
				DEVELOPMENT_TEAM = 9K2GX4VRRU;
				INFOPLIST_FILE = Source/RedditClientCore/RedditClientCoreIntegrationTests/Info.plist;
				LD_RUNPATH_SEARCH_PATHS = "$(inherited) @executable_path/Frameworks @loader_path/Frameworks";
				PRODUCT_BUNDLE_IDENTIFIER = com.malyhin.maksym.RedditClientCoreIntegrationTests;
				PRODUCT_NAME = "$(TARGET_NAME)";
				SWIFT_OPTIMIZATION_LEVEL = "-Onone";
				SWIFT_VERSION = 4.0;
				TARGETED_DEVICE_FAMILY = "1,2";
			};
			name = Debug;
		};
		ED4260DF1FCB528F00229B2A /* Release */ = {
			isa = XCBuildConfiguration;
			buildSettings = {
				CLANG_ENABLE_MODULES = YES;
				CODE_SIGN_STYLE = Automatic;
				DEVELOPMENT_TEAM = 9K2GX4VRRU;
				INFOPLIST_FILE = Source/RedditClientCore/RedditClientCoreIntegrationTests/Info.plist;
				LD_RUNPATH_SEARCH_PATHS = "$(inherited) @executable_path/Frameworks @loader_path/Frameworks";
				PRODUCT_BUNDLE_IDENTIFIER = com.malyhin.maksym.RedditClientCoreIntegrationTests;
				PRODUCT_NAME = "$(TARGET_NAME)";
				SWIFT_VERSION = 4.0;
				TARGETED_DEVICE_FAMILY = "1,2";
			};
			name = Release;
		};
/* End XCBuildConfiguration section */

/* Begin XCConfigurationList section */
		ED4260681FCB19BC00229B2A /* Build configuration list for PBXProject "RedditClient" */ = {
			isa = XCConfigurationList;
			buildConfigurations = (
				ED42608A1FCB19BD00229B2A /* Debug */,
				ED42608B1FCB19BD00229B2A /* Release */,
			);
			defaultConfigurationIsVisible = 0;
			defaultConfigurationName = Release;
		};
		ED42608C1FCB19BD00229B2A /* Build configuration list for PBXNativeTarget "RedditClient" */ = {
			isa = XCConfigurationList;
			buildConfigurations = (
				ED42608D1FCB19BD00229B2A /* Debug */,
				ED42608E1FCB19BD00229B2A /* Release */,
			);
			defaultConfigurationIsVisible = 0;
			defaultConfigurationName = Release;
		};
		ED42608F1FCB19BD00229B2A /* Build configuration list for PBXNativeTarget "RedditClientTests" */ = {
			isa = XCConfigurationList;
			buildConfigurations = (
				ED4260901FCB19BD00229B2A /* Debug */,
				ED4260911FCB19BD00229B2A /* Release */,
			);
			defaultConfigurationIsVisible = 0;
			defaultConfigurationName = Release;
		};
		ED4260B11FCB19FD00229B2A /* Build configuration list for PBXNativeTarget "RedditClientCore" */ = {
			isa = XCConfigurationList;
			buildConfigurations = (
				ED4260B21FCB19FD00229B2A /* Debug */,
				ED4260B31FCB19FD00229B2A /* Release */,
			);
			defaultConfigurationIsVisible = 0;
			defaultConfigurationName = Release;
		};
		ED4260B51FCB19FD00229B2A /* Build configuration list for PBXNativeTarget "RedditClientCoreTests" */ = {
			isa = XCConfigurationList;
			buildConfigurations = (
				ED4260B61FCB19FD00229B2A /* Debug */,
				ED4260B71FCB19FD00229B2A /* Release */,
			);
			defaultConfigurationIsVisible = 0;
			defaultConfigurationName = Release;
		};
		ED4260DD1FCB528F00229B2A /* Build configuration list for PBXNativeTarget "RedditClientCoreIntegrationTests" */ = {
			isa = XCConfigurationList;
			buildConfigurations = (
				ED4260DE1FCB528F00229B2A /* Debug */,
				ED4260DF1FCB528F00229B2A /* Release */,
			);
			defaultConfigurationIsVisible = 0;
			defaultConfigurationName = Release;
		};
/* End XCConfigurationList section */
	};
	rootObject = ED4260651FCB19BC00229B2A /* Project object */;
}
